
Microsoft Visual Studio Solution File, Format Version 12.00
# Visual Studio Version 16
VisualStudioVersion = 16.0.29806.167
MinimumVisualStudioVersion = 10.0.40219.1
Project("{FAE04EC0-301F-11D3-BF4B-00C04F79EFBC}") = "Avantxa.Android", "Avantxa.Android\Avantxa.Android.csproj", "{9BDCB353-C45A-483C-B108-F5F3FB472808}"
EndProject
Project("{FAE04EC0-301F-11D3-BF4B-00C04F79EFBC}") = "Avantxa.iOS", "Avantxa.iOS\Avantxa.iOS.csproj", "{0BB5EC2D-C7C5-4240-B5F9-599B28E5C21E}"
EndProject
Project("{FAE04EC0-301F-11D3-BF4B-00C04F79EFBC}") = "Avantxa", "Avantxa\Avantxa.csproj", "{2A29B42F-4293-4909-A440-680D60E5F578}"
EndProject
Global
	GlobalSection(SolutionConfigurationPlatforms) = preSolution
		Debug|Any CPU = Debug|Any CPU
		Debug|iPhone = Debug|iPhone
		Debug|iPhoneSimulator = Debug|iPhoneSimulator
		Release|Any CPU = Release|Any CPU
		Release|iPhone = Release|iPhone
		Release|iPhoneSimulator = Release|iPhoneSimulator
	EndGlobalSection
	GlobalSection(ProjectConfigurationPlatforms) = postSolution
		{9BDCB353-C45A-483C-B108-F5F3FB472808}.Debug|Any CPU.ActiveCfg = Debug|Any CPU
		{9BDCB353-C45A-483C-B108-F5F3FB472808}.Debug|Any CPU.Build.0 = Debug|Any CPU
		{9BDCB353-C45A-483C-B108-F5F3FB472808}.Debug|Any CPU.Deploy.0 = Debug|Any CPU
		{9BDCB353-C45A-483C-B108-F5F3FB472808}.Debug|iPhone.ActiveCfg = Debug|Any CPU
		{9BDCB353-C45A-483C-B108-F5F3FB472808}.Debug|iPhone.Build.0 = Debug|Any CPU
		{9BDCB353-C45A-483C-B108-F5F3FB472808}.Debug|iPhone.Deploy.0 = Debug|Any CPU
		{9BDCB353-C45A-483C-B108-F5F3FB472808}.Debug|iPhoneSimulator.ActiveCfg = Debug|Any CPU
		{9BDCB353-C45A-483C-B108-F5F3FB472808}.Debug|iPhoneSimulator.Build.0 = Debug|Any CPU
		{9BDCB353-C45A-483C-B108-F5F3FB472808}.Debug|iPhoneSimulator.Deploy.0 = Debug|Any CPU
		{9BDCB353-C45A-483C-B108-F5F3FB472808}.Release|Any CPU.ActiveCfg = Release|Any CPU
		{9BDCB353-C45A-483C-B108-F5F3FB472808}.Release|Any CPU.Build.0 = Release|Any CPU
		{9BDCB353-C45A-483C-B108-F5F3FB472808}.Release|Any CPU.Deploy.0 = Release|Any CPU
		{9BDCB353-C45A-483C-B108-F5F3FB472808}.Release|iPhone.ActiveCfg = Release|Any CPU
		{9BDCB353-C45A-483C-B108-F5F3FB472808}.Release|iPhone.Build.0 = Release|Any CPU
		{9BDCB353-C45A-483C-B108-F5F3FB472808}.Release|iPhone.Deploy.0 = Release|Any CPU
		{9BDCB353-C45A-483C-B108-F5F3FB472808}.Release|iPhoneSimulator.ActiveCfg = Release|Any CPU
		{9BDCB353-C45A-483C-B108-F5F3FB472808}.Release|iPhoneSimulator.Build.0 = Release|Any CPU
		{9BDCB353-C45A-483C-B108-F5F3FB472808}.Release|iPhoneSimulator.Deploy.0 = Release|Any CPU
		{0BB5EC2D-C7C5-4240-B5F9-599B28E5C21E}.Debug|Any CPU.ActiveCfg = Debug|iPhoneSimulator
		{0BB5EC2D-C7C5-4240-B5F9-599B28E5C21E}.Debug|Any CPU.Build.0 = Debug|iPhoneSimulator
		{0BB5EC2D-C7C5-4240-B5F9-599B28E5C21E}.Debug|Any CPU.Deploy.0 = Debug|iPhoneSimulator
		{0BB5EC2D-C7C5-4240-B5F9-599B28E5C21E}.Debug|iPhone.ActiveCfg = Debug|iPhone
		{0BB5EC2D-C7C5-4240-B5F9-599B28E5C21E}.Debug|iPhone.Build.0 = Debug|iPhone
		{0BB5EC2D-C7C5-4240-B5F9-599B28E5C21E}.Debug|iPhone.Deploy.0 = Debug|iPhone
		{0BB5EC2D-C7C5-4240-B5F9-599B28E5C21E}.Debug|iPhoneSimulator.ActiveCfg = Debug|iPhoneSimulator
		{0BB5EC2D-C7C5-4240-B5F9-599B28E5C21E}.Debug|iPhoneSimulator.Build.0 = Debug|iPhoneSimulator
		{0BB5EC2D-C7C5-4240-B5F9-599B28E5C21E}.Debug|iPhoneSimulator.Deploy.0 = Debug|iPhoneSimulator
		{0BB5EC2D-C7C5-4240-B5F9-599B28E5C21E}.Release|Any CPU.ActiveCfg = Release|iPhone
		{0BB5EC2D-C7C5-4240-B5F9-599B28E5C21E}.Release|Any CPU.Build.0 = Release|iPhone
		{0BB5EC2D-C7C5-4240-B5F9-599B28E5C21E}.Release|Any CPU.Deploy.0 = Release|iPhone
		{0BB5EC2D-C7C5-4240-B5F9-599B28E5C21E}.Release|iPhone.ActiveCfg = Release|iPhone
		{0BB5EC2D-C7C5-4240-B5F9-599B28E5C21E}.Release|iPhone.Build.0 = Release|iPhone
		{0BB5EC2D-C7C5-4240-B5F9-599B28E5C21E}.Release|iPhone.Deploy.0 = Release|iPhone
		{0BB5EC2D-C7C5-4240-B5F9-599B28E5C21E}.Release|iPhoneSimulator.ActiveCfg = Release|iPhoneSimulator
		{0BB5EC2D-C7C5-4240-B5F9-599B28E5C21E}.Release|iPhoneSimulator.Build.0 = Release|iPhoneSimulator
		{0BB5EC2D-C7C5-4240-B5F9-599B28E5C21E}.Release|iPhoneSimulator.Deploy.0 = Release|iPhoneSimulator
		{2A29B42F-4293-4909-A440-680D60E5F578}.Debug|Any CPU.ActiveCfg = Debug|Any CPU
		{2A29B42F-4293-4909-A440-680D60E5F578}.Debug|Any CPU.Build.0 = Debug|Any CPU
		{2A29B42F-4293-4909-A440-680D60E5F578}.Debug|Any CPU.Deploy.0 = Debug|Any CPU
		{2A29B42F-4293-4909-A440-680D60E5F578}.Debug|iPhone.ActiveCfg = Debug|Any CPU
		{2A29B42F-4293-4909-A440-680D60E5F578}.Debug|iPhone.Build.0 = Debug|Any CPU
		{2A29B42F-4293-4909-A440-680D60E5F578}.Debug|iPhone.Deploy.0 = Debug|Any CPU
		{2A29B42F-4293-4909-A440-680D60E5F578}.Debug|iPhoneSimulator.ActiveCfg = Debug|Any CPU
		{2A29B42F-4293-4909-A440-680D60E5F578}.Debug|iPhoneSimulator.Build.0 = Debug|Any CPU
		{2A29B42F-4293-4909-A440-680D60E5F578}.Debug|iPhoneSimulator.Deploy.0 = Debug|Any CPU
		{2A29B42F-4293-4909-A440-680D60E5F578}.Release|Any CPU.ActiveCfg = Release|Any CPU
		{2A29B42F-4293-4909-A440-680D60E5F578}.Release|Any CPU.Build.0 = Release|Any CPU
		{2A29B42F-4293-4909-A440-680D60E5F578}.Release|Any CPU.Deploy.0 = Release|Any CPU
		{2A29B42F-4293-4909-A440-680D60E5F578}.Release|iPhone.ActiveCfg = Release|Any CPU
		{2A29B42F-4293-4909-A440-680D60E5F578}.Release|iPhone.Build.0 = Release|Any CPU
		{2A29B42F-4293-4909-A440-680D60E5F578}.Release|iPhone.Deploy.0 = Release|Any CPU
		{2A29B42F-4293-4909-A440-680D60E5F578}.Release|iPhoneSimulator.ActiveCfg = Release|Any CPU
		{2A29B42F-4293-4909-A440-680D60E5F578}.Release|iPhoneSimulator.Build.0 = Release|Any CPU
		{2A29B42F-4293-4909-A440-680D60E5F578}.Release|iPhoneSimulator.Deploy.0 = Release|Any CPU
	EndGlobalSection
	GlobalSection(SolutionProperties) = preSolution
		HideSolutionNode = FALSE
	EndGlobalSection
	GlobalSection(ExtensibilityGlobals) = postSolution
		SolutionGuid = {6545937B-6B10-4A17-A77B-521CE02F8C1E}
	EndGlobalSection
	GlobalSection(MonoDevelopProperties) = preSolution
		Policies = $0
		$0.DotNetNamingPolicy = $1
		$1.DirectoryNamespaceAssociation = PrefixedHierarchical
		$0.TextStylePolicy = $2
		$2.inheritsSet = null
		$2.scope = text/x-csharp
		$0.CSharpFormattingPolicy = $3
		$3.scope = text/x-csharp
		$0.TextStylePolicy = $4
		$4.FileWidth = 80
		$4.TabsToSpaces = True
		$4.scope = text/plain
	EndGlobalSection
EndGlobal
